
Microsoft Visual Studio Solution File, Format Version 12.00
# Visual Studio 15
VisualStudioVersion = 15.0.28307.572
MinimumVisualStudioVersion = 10.0.40219.1
Project("{FAE04EC0-301F-11D3-BF4B-00C04F79EFBC}") = "NoteAppUI", "NoteAppUI\NoteAppUI.csproj", "{B6F46DAE-D34A-4681-9AAC-D77DADD7180B}"
EndProject
Project("{FAE04EC0-301F-11D3-BF4B-00C04F79EFBC}") = "NoteApp", "NoteApp\NoteApp.csproj", "{9E391F6C-09A8-4F07-93DF-4CC23678A108}"
EndProject
Global
	GlobalSection(SolutionConfigurationPlatforms) = preSolution
		Debug|Any CPU = Debug|Any CPU
		Release|Any CPU = Release|Any CPU
	EndGlobalSection
	GlobalSection(ProjectConfigurationPlatforms) = postSolution
		{B6F46DAE-D34A-4681-9AAC-D77DADD7180B}.Debug|Any CPU.ActiveCfg = Debug|Any CPU
		{B6F46DAE-D34A-4681-9AAC-D77DADD7180B}.Debug|Any CPU.Build.0 = Debug|Any CPU
		{B6F46DAE-D34A-4681-9AAC-D77DADD7180B}.Release|Any CPU.ActiveCfg = Release|Any CPU
		{B6F46DAE-D34A-4681-9AAC-D77DADD7180B}.Release|Any CPU.Build.0 = Release|Any CPU
		{9E391F6C-09A8-4F07-93DF-4CC23678A108}.Debug|Any CPU.ActiveCfg = Debug|Any CPU
		{9E391F6C-09A8-4F07-93DF-4CC23678A108}.Debug|Any CPU.Build.0 = Debug|Any CPU
		{9E391F6C-09A8-4F07-93DF-4CC23678A108}.Release|Any CPU.ActiveCfg = Release|Any CPU
		{9E391F6C-09A8-4F07-93DF-4CC23678A108}.Release|Any CPU.Build.0 = Release|Any CPU
	EndGlobalSection
	GlobalSection(SolutionProperties) = preSolution
		HideSolutionNode = FALSE
	EndGlobalSection
	GlobalSection(ExtensibilityGlobals) = postSolution
		SolutionGuid = {732440D0-3A5E-4442-B7F9-A0D9765DAF2E}
	EndGlobalSection
EndGlobal
